{
  "originHash" : "269bd9d21cb60e595bcbd75e6cfdf769df4824729d98c6a5d7dc9fcfa4cfe8f0",
  "pins" : [
    {
      "identity" : "humansensekit",
      "kind" : "remoteSourceControl",
      "location" : "https://github.com/momomo-agent/HumanSenseKit.git",
      "state" : {
        "revision" : "9906a27dce2dcb78bb279396960b7f26ce2e5f06",
        "version" : "4.9.44"
      }
    }
  ],
  "version" : 3
}
