{
  "originHash" : "269bd9d21cb60e595bcbd75e6cfdf769df4824729d98c6a5d7dc9fcfa4cfe8f0",
  "pins" : [
    {
      "identity" : "humansensekit",
      "kind" : "remoteSourceControl",
      "location" : "https://github.com/momomo-agent/HumanSenseKit.git",
      "state" : {
        "revision" : "d4441e3b9c58e218f18349d5bd74d65adf640228",
        "version" : "3.0.20"
      }
    }
  ],
  "version" : 3
}
