{
  "originHash" : "269bd9d21cb60e595bcbd75e6cfdf769df4824729d98c6a5d7dc9fcfa4cfe8f0",
  "pins" : [
    {
      "identity" : "humansensekit",
      "kind" : "remoteSourceControl",
      "location" : "https://github.com/momomo-agent/HumanSenseKit.git",
      "state" : {
        "revision" : "dfa67e152ad43bdb42556dcc3cc67d5a748675b7",
        "version" : "4.9.56"
      }
    }
  ],
  "version" : 3
}
