// !$*UTF8*$!
{
	archiveVersion = 1;
	classes = {
	};
	objectVersion = 77;
	objects = {

/* Begin PBXBuildFile section */
		04573A9F61AF7D9951435D05 /* DistanceIndicatorView.swift in Sources */ = {isa = PBXBuildFile; fileRef = 424122EBE5A629B2FDB21C9A /* DistanceIndicatorView.swift */; };
		06FFAB846ED49D94A68182C0 /* DebugSignalsView.swift in Sources */ = {isa = PBXBuildFile; fileRef = 0C0B78854D1FF855FB853BBE /* DebugSignalsView.swift */; };
		0CA098EBC1671ADC7AA522F2 /* TokenTableView.swift in Sources */ = {isa = PBXBuildFile; fileRef = 681CC4CC2C55CEA6423C2798 /* TokenTableView.swift */; };
		0EB64528D86897A70019C2FE /* AudioVisualizerView.swift in Sources */ = {isa = PBXBuildFile; fileRef = 0E5F95930987B29E143B3BED /* AudioVisualizerView.swift */; };
		1A7ECAADAC0D85C7BAA026D4 /* BlendShapePanel.swift in Sources */ = {isa = PBXBuildFile; fileRef = 0F3E8ECD792D9C2707676777 /* BlendShapePanel.swift */; };
		1F6A10960722D11F35B524B7 /* STTTestView.swift in Sources */ = {isa = PBXBuildFile; fileRef = 12183B432CEA695CD6258780 /* STTTestView.swift */; };
		2EAFB1310722533694534698 /* GazeTrailView.swift in Sources */ = {isa = PBXBuildFile; fileRef = DDF934864FE15383E562580E /* GazeTrailView.swift */; };
		3B0C33B4A55D6936809B5372 /* HandGestureView.swift in Sources */ = {isa = PBXBuildFile; fileRef = FF7EC60E3E2ECEAFDA45698A /* HandGestureView.swift */; };
		401EDE19175AB5A176CBA52C /* MouthVisualizerView.swift in Sources */ = {isa = PBXBuildFile; fileRef = C62AE1C678ABC66EEB763897 /* MouthVisualizerView.swift */; };
		61CB9895677F080306EC5EB1 /* HumanSenseKit in Frameworks */ = {isa = PBXBuildFile; productRef = 6E6263EEB95F9E33FC15C8BA /* HumanSenseKit */; };
		61F378F760D598C8D44C01CB /* HeadOrientationView.swift in Sources */ = {isa = PBXBuildFile; fileRef = 6D09A00676DDECBA81264A39 /* HeadOrientationView.swift */; };
		6BF783B67DF90DB28A67C069 /* App.swift in Sources */ = {isa = PBXBuildFile; fileRef = 57D2E68CB3026920745495F2 /* App.swift */; };
		773DC66EA0F850D1CD0B5014 /* StateCard.swift in Sources */ = {isa = PBXBuildFile; fileRef = 229316286F5816B7C9E4CCE7 /* StateCard.swift */; };
		83BCC24159451FF5AAF66C65 /* StateTimelineView.swift in Sources */ = {isa = PBXBuildFile; fileRef = 8FD7B01A53B269D2763DD85E /* StateTimelineView.swift */; };
		902CE3BCC8D6D57C4A6415A9 /* EyeVisualizerView.swift in Sources */ = {isa = PBXBuildFile; fileRef = 3D7FB39A6CA252D1BE70A046 /* EyeVisualizerView.swift */; };
		960681F621EFFEE489A16EDA /* FaceMeshView.swift in Sources */ = {isa = PBXBuildFile; fileRef = BA87325FB108A579CD1F0CAA /* FaceMeshView.swift */; };
		C87A4851034B8EBB14851F6F /* ContentView.swift in Sources */ = {isa = PBXBuildFile; fileRef = AA655F26BAF42FB09BA0B876 /* ContentView.swift */; };
		CD004261E1B891EBC2B5C07B /* GazeOverlay.swift in Sources */ = {isa = PBXBuildFile; fileRef = D05A06993683BD21C2D6A38B /* GazeOverlay.swift */; };
		F93FB19FC04485BD2A588D49 /* DiarizationTestView.swift in Sources */ = {isa = PBXBuildFile; fileRef = DC3B16039A0DA52B56CD92EF /* DiarizationTestView.swift */; };
/* End PBXBuildFile section */

/* Begin PBXFileReference section */
		0C0B78854D1FF855FB853BBE /* DebugSignalsView.swift */ = {isa = PBXFileReference; lastKnownFileType = sourcecode.swift; path = DebugSignalsView.swift; sourceTree = "<group>"; };
		0E5F95930987B29E143B3BED /* AudioVisualizerView.swift */ = {isa = PBXFileReference; lastKnownFileType = sourcecode.swift; path = AudioVisualizerView.swift; sourceTree = "<group>"; };
		0F3E8ECD792D9C2707676777 /* BlendShapePanel.swift */ = {isa = PBXFileReference; lastKnownFileType = sourcecode.swift; path = BlendShapePanel.swift; sourceTree = "<group>"; };
		12183B432CEA695CD6258780 /* STTTestView.swift */ = {isa = PBXFileReference; lastKnownFileType = sourcecode.swift; path = STTTestView.swift; sourceTree = "<group>"; };
		229316286F5816B7C9E4CCE7 /* StateCard.swift */ = {isa = PBXFileReference; lastKnownFileType = sourcecode.swift; path = StateCard.swift; sourceTree = "<group>"; };
		3D7FB39A6CA252D1BE70A046 /* EyeVisualizerView.swift */ = {isa = PBXFileReference; lastKnownFileType = sourcecode.swift; path = EyeVisualizerView.swift; sourceTree = "<group>"; };
		424122EBE5A629B2FDB21C9A /* DistanceIndicatorView.swift */ = {isa = PBXFileReference; lastKnownFileType = sourcecode.swift; path = DistanceIndicatorView.swift; sourceTree = "<group>"; };
		57D2E68CB3026920745495F2 /* App.swift */ = {isa = PBXFileReference; lastKnownFileType = sourcecode.swift; path = App.swift; sourceTree = "<group>"; };
		681CC4CC2C55CEA6423C2798 /* TokenTableView.swift */ = {isa = PBXFileReference; lastKnownFileType = sourcecode.swift; path = TokenTableView.swift; sourceTree = "<group>"; };
		6D09A00676DDECBA81264A39 /* HeadOrientationView.swift */ = {isa = PBXFileReference; lastKnownFileType = sourcecode.swift; path = HeadOrientationView.swift; sourceTree = "<group>"; };
		8FD7B01A53B269D2763DD85E /* StateTimelineView.swift */ = {isa = PBXFileReference; lastKnownFileType = sourcecode.swift; path = StateTimelineView.swift; sourceTree = "<group>"; };
		AA655F26BAF42FB09BA0B876 /* ContentView.swift */ = {isa = PBXFileReference; lastKnownFileType = sourcecode.swift; path = ContentView.swift; sourceTree = "<group>"; };
		AE7DD2B0913F13875BCD8C6B /* HumanSenseDemo.app */ = {isa = PBXFileReference; includeInIndex = 0; lastKnownFileType = wrapper.application; path = HumanSenseDemo.app; sourceTree = BUILT_PRODUCTS_DIR; };
		BA87325FB108A579CD1F0CAA /* FaceMeshView.swift */ = {isa = PBXFileReference; lastKnownFileType = sourcecode.swift; path = FaceMeshView.swift; sourceTree = "<group>"; };
		C62AE1C678ABC66EEB763897 /* MouthVisualizerView.swift */ = {isa = PBXFileReference; lastKnownFileType = sourcecode.swift; path = MouthVisualizerView.swift; sourceTree = "<group>"; };
		D05A06993683BD21C2D6A38B /* GazeOverlay.swift */ = {isa = PBXFileReference; lastKnownFileType = sourcecode.swift; path = GazeOverlay.swift; sourceTree = "<group>"; };
		DC3B16039A0DA52B56CD92EF /* DiarizationTestView.swift */ = {isa = PBXFileReference; lastKnownFileType = sourcecode.swift; path = DiarizationTestView.swift; sourceTree = "<group>"; };
		DDF934864FE15383E562580E /* GazeTrailView.swift */ = {isa = PBXFileReference; lastKnownFileType = sourcecode.swift; path = GazeTrailView.swift; sourceTree = "<group>"; };
		FF7EC60E3E2ECEAFDA45698A /* HandGestureView.swift */ = {isa = PBXFileReference; lastKnownFileType = sourcecode.swift; path = HandGestureView.swift; sourceTree = "<group>"; };
/* End PBXFileReference section */

/* Begin PBXFrameworksBuildPhase section */
		6F116129D65ED361438D8296 /* Frameworks */ = {
			isa = PBXFrameworksBuildPhase;
			buildActionMask = 2147483647;
			files = (
				61CB9895677F080306EC5EB1 /* HumanSenseKit in Frameworks */,
			);
			runOnlyForDeploymentPostprocessing = 0;
		};
/* End PBXFrameworksBuildPhase section */

/* Begin PBXGroup section */
		33A52A1A1AF4690B4DD5EF00 = {
			isa = PBXGroup;
			children = (
				D39979A04A25538C87CCA414 /* Sources */,
				FFEFC38670EB3317052C5787 /* Products */,
			);
			sourceTree = "<group>";
		};
		7DD034261D0491E4AB101A63 /* Views */ = {
			isa = PBXGroup;
			children = (
				0E5F95930987B29E143B3BED /* AudioVisualizerView.swift */,
				0F3E8ECD792D9C2707676777 /* BlendShapePanel.swift */,
				0C0B78854D1FF855FB853BBE /* DebugSignalsView.swift */,
				DC3B16039A0DA52B56CD92EF /* DiarizationTestView.swift */,
				424122EBE5A629B2FDB21C9A /* DistanceIndicatorView.swift */,
				3D7FB39A6CA252D1BE70A046 /* EyeVisualizerView.swift */,
				BA87325FB108A579CD1F0CAA /* FaceMeshView.swift */,
				D05A06993683BD21C2D6A38B /* GazeOverlay.swift */,
				DDF934864FE15383E562580E /* GazeTrailView.swift */,
				FF7EC60E3E2ECEAFDA45698A /* HandGestureView.swift */,
				6D09A00676DDECBA81264A39 /* HeadOrientationView.swift */,
				C62AE1C678ABC66EEB763897 /* MouthVisualizerView.swift */,
				229316286F5816B7C9E4CCE7 /* StateCard.swift */,
				8FD7B01A53B269D2763DD85E /* StateTimelineView.swift */,
				12183B432CEA695CD6258780 /* STTTestView.swift */,
				681CC4CC2C55CEA6423C2798 /* TokenTableView.swift */,
			);
			path = Views;
			sourceTree = "<group>";
		};
		D39979A04A25538C87CCA414 /* Sources */ = {
			isa = PBXGroup;
			children = (
				57D2E68CB3026920745495F2 /* App.swift */,
				AA655F26BAF42FB09BA0B876 /* ContentView.swift */,
				7DD034261D0491E4AB101A63 /* Views */,
			);
			path = Sources;
			sourceTree = "<group>";
		};
		FFEFC38670EB3317052C5787 /* Products */ = {
			isa = PBXGroup;
			children = (
				AE7DD2B0913F13875BCD8C6B /* HumanSenseDemo.app */,
			);
			name = Products;
			sourceTree = "<group>";
		};
/* End PBXGroup section */

/* Begin PBXNativeTarget section */
		7DC4A158FD69E410554532B6 /* HumanSenseDemo */ = {
			isa = PBXNativeTarget;
			buildConfigurationList = EB5489668B828D555B1D1292 /* Build configuration list for PBXNativeTarget "HumanSenseDemo" */;
			buildPhases = (
				7C8C6FA70E4D4ACD0C54F3F6 /* Sources */,
				6F116129D65ED361438D8296 /* Frameworks */,
			);
			buildRules = (
			);
			dependencies = (
			);
			name = HumanSenseDemo;
			packageProductDependencies = (
				6E6263EEB95F9E33FC15C8BA /* HumanSenseKit */,
			);
			productName = HumanSenseDemo;
			productReference = AE7DD2B0913F13875BCD8C6B /* HumanSenseDemo.app */;
			productType = "com.apple.product-type.application";
		};
/* End PBXNativeTarget section */

/* Begin PBXProject section */
		F6EE69D0838BCB2B5559DA8D /* Project object */ = {
			isa = PBXProject;
			attributes = {
				BuildIndependentTargetsInParallel = YES;
				LastUpgradeCheck = 1430;
				TargetAttributes = {
					7DC4A158FD69E410554532B6 = {
						DevelopmentTeam = P2GN9QW8E5;
						ProvisioningStyle = Automatic;
					};
				};
			};
			buildConfigurationList = 70655DE2D48AAC5FD3444740 /* Build configuration list for PBXProject "HumanSenseDemo" */;
			developmentRegion = en;
			hasScannedForEncodings = 0;
			knownRegions = (
				Base,
				en,
			);
			mainGroup = 33A52A1A1AF4690B4DD5EF00;
			minimizedProjectReferenceProxies = 1;
			packageReferences = (
				527B56CD100AC4DF941C648D /* XCRemoteSwiftPackageReference "HumanSenseKit" */,
			);
			preferredProjectObjectVersion = 77;
			productRefGroup = FFEFC38670EB3317052C5787 /* Products */;
			projectDirPath = "";
			projectRoot = "";
			targets = (
				7DC4A158FD69E410554532B6 /* HumanSenseDemo */,
			);
		};
/* End PBXProject section */

/* Begin PBXSourcesBuildPhase section */
		7C8C6FA70E4D4ACD0C54F3F6 /* Sources */ = {
			isa = PBXSourcesBuildPhase;
			buildActionMask = 2147483647;
			files = (
				6BF783B67DF90DB28A67C069 /* App.swift in Sources */,
				0EB64528D86897A70019C2FE /* AudioVisualizerView.swift in Sources */,
				1A7ECAADAC0D85C7BAA026D4 /* BlendShapePanel.swift in Sources */,
				C87A4851034B8EBB14851F6F /* ContentView.swift in Sources */,
				06FFAB846ED49D94A68182C0 /* DebugSignalsView.swift in Sources */,
				F93FB19FC04485BD2A588D49 /* DiarizationTestView.swift in Sources */,
				04573A9F61AF7D9951435D05 /* DistanceIndicatorView.swift in Sources */,
				902CE3BCC8D6D57C4A6415A9 /* EyeVisualizerView.swift in Sources */,
				960681F621EFFEE489A16EDA /* FaceMeshView.swift in Sources */,
				CD004261E1B891EBC2B5C07B /* GazeOverlay.swift in Sources */,
				2EAFB1310722533694534698 /* GazeTrailView.swift in Sources */,
				3B0C33B4A55D6936809B5372 /* HandGestureView.swift in Sources */,
				61F378F760D598C8D44C01CB /* HeadOrientationView.swift in Sources */,
				401EDE19175AB5A176CBA52C /* MouthVisualizerView.swift in Sources */,
				1F6A10960722D11F35B524B7 /* STTTestView.swift in Sources */,
				773DC66EA0F850D1CD0B5014 /* StateCard.swift in Sources */,
				83BCC24159451FF5AAF66C65 /* StateTimelineView.swift in Sources */,
				0CA098EBC1671ADC7AA522F2 /* TokenTableView.swift in Sources */,
			);
			runOnlyForDeploymentPostprocessing = 0;
		};
/* End PBXSourcesBuildPhase section */

/* Begin XCBuildConfiguration section */
		464CAEDE62E5FB54F0BBC310 /* Release */ = {
			isa = XCBuildConfiguration;
			buildSettings = {
				ALWAYS_SEARCH_USER_PATHS = NO;
				CLANG_ANALYZER_NONNULL = YES;
				CLANG_ANALYZER_NUMBER_OBJECT_CONVERSION = YES_AGGRESSIVE;
				CLANG_CXX_LANGUAGE_STANDARD = "gnu++14";
				CLANG_CXX_LIBRARY = "libc++";
				CLANG_ENABLE_MODULES = YES;
				CLANG_ENABLE_OBJC_ARC = YES;
				CLANG_ENABLE_OBJC_WEAK = YES;
				CLANG_WARN_BLOCK_CAPTURE_AUTORELEASING = YES;
				CLANG_WARN_BOOL_CONVERSION = YES;
				CLANG_WARN_COMMA = YES;
				CLANG_WARN_CONSTANT_CONVERSION = YES;
				CLANG_WARN_DEPRECATED_OBJC_IMPLEMENTATIONS = YES;
				CLANG_WARN_DIRECT_OBJC_ISA_USAGE = YES_ERROR;
				CLANG_WARN_DOCUMENTATION_COMMENTS = YES;
				CLANG_WARN_EMPTY_BODY = YES;
				CLANG_WARN_ENUM_CONVERSION = YES;
				CLANG_WARN_INFINITE_RECURSION = YES;
				CLANG_WARN_INT_CONVERSION = YES;
				CLANG_WARN_NON_LITERAL_NULL_CONVERSION = YES;
				CLANG_WARN_OBJC_IMPLICIT_RETAIN_SELF = YES;
				CLANG_WARN_OBJC_LITERAL_CONVERSION = YES;
				CLANG_WARN_OBJC_ROOT_CLASS = YES_ERROR;
				CLANG_WARN_QUOTED_INCLUDE_IN_FRAMEWORK_HEADER = YES;
				CLANG_WARN_RANGE_LOOP_ANALYSIS = YES;
				CLANG_WARN_STRICT_PROTOTYPES = YES;
				CLANG_WARN_SUSPICIOUS_MOVE = YES;
				CLANG_WARN_UNGUARDED_AVAILABILITY = YES_AGGRESSIVE;
				CLANG_WARN_UNREACHABLE_CODE = YES;
				CLANG_WARN__DUPLICATE_METHOD_MATCH = YES;
				COPY_PHASE_STRIP = NO;
				DEBUG_INFORMATION_FORMAT = "dwarf-with-dsym";
				ENABLE_NS_ASSERTIONS = NO;
				ENABLE_STRICT_OBJC_MSGSEND = YES;
				GCC_C_LANGUAGE_STANDARD = gnu11;
				GCC_NO_COMMON_BLOCKS = YES;
				GCC_WARN_64_TO_32_BIT_CONVERSION = YES;
				GCC_WARN_ABOUT_RETURN_TYPE = YES_ERROR;
				GCC_WARN_UNDECLARED_SELECTOR = YES;
				GCC_WARN_UNINITIALIZED_AUTOS = YES_AGGRESSIVE;
				GCC_WARN_UNUSED_FUNCTION = YES;
				GCC_WARN_UNUSED_VARIABLE = YES;
				IPHONEOS_DEPLOYMENT_TARGET = 26.0;
				MTL_ENABLE_DEBUG_INFO = NO;
				MTL_FAST_MATH = YES;
				PRODUCT_NAME = "$(TARGET_NAME)";
				SDKROOT = iphoneos;
				SWIFT_COMPILATION_MODE = wholemodule;
				SWIFT_OPTIMIZATION_LEVEL = "-O";
				SWIFT_VERSION = 5.0;
			};
			name = Release;
		};
		6FE0112E0D1453918668734D /* Debug */ = {
			isa = XCBuildConfiguration;
			buildSettings = {
				ALWAYS_SEARCH_USER_PATHS = NO;
				CLANG_ANALYZER_NONNULL = YES;
				CLANG_ANALYZER_NUMBER_OBJECT_CONVERSION = YES_AGGRESSIVE;
				CLANG_CXX_LANGUAGE_STANDARD = "gnu++14";
				CLANG_CXX_LIBRARY = "libc++";
				CLANG_ENABLE_MODULES = YES;
				CLANG_ENABLE_OBJC_ARC = YES;
				CLANG_ENABLE_OBJC_WEAK = YES;
				CLANG_WARN_BLOCK_CAPTURE_AUTORELEASING = YES;
				CLANG_WARN_BOOL_CONVERSION = YES;
				CLANG_WARN_COMMA = YES;
				CLANG_WARN_CONSTANT_CONVERSION = YES;
				CLANG_WARN_DEPRECATED_OBJC_IMPLEMENTATIONS = YES;
				CLANG_WARN_DIRECT_OBJC_ISA_USAGE = YES_ERROR;
				CLANG_WARN_DOCUMENTATION_COMMENTS = YES;
				CLANG_WARN_EMPTY_BODY = YES;
				CLANG_WARN_ENUM_CONVERSION = YES;
				CLANG_WARN_INFINITE_RECURSION = YES;
				CLANG_WARN_INT_CONVERSION = YES;
				CLANG_WARN_NON_LITERAL_NULL_CONVERSION = YES;
				CLANG_WARN_OBJC_IMPLICIT_RETAIN_SELF = YES;
				CLANG_WARN_OBJC_LITERAL_CONVERSION = YES;
				CLANG_WARN_OBJC_ROOT_CLASS = YES_ERROR;
				CLANG_WARN_QUOTED_INCLUDE_IN_FRAMEWORK_HEADER = YES;
				CLANG_WARN_RANGE_LOOP_ANALYSIS = YES;
				CLANG_WARN_STRICT_PROTOTYPES = YES;
				CLANG_WARN_SUSPICIOUS_MOVE = YES;
				CLANG_WARN_UNGUARDED_AVAILABILITY = YES_AGGRESSIVE;
				CLANG_WARN_UNREACHABLE_CODE = YES;
				CLANG_WARN__DUPLICATE_METHOD_MATCH = YES;
				COPY_PHASE_STRIP = NO;
				DEBUG_INFORMATION_FORMAT = dwarf;
				ENABLE_STRICT_OBJC_MSGSEND = YES;
				ENABLE_TESTABILITY = YES;
				GCC_C_LANGUAGE_STANDARD = gnu11;
				GCC_DYNAMIC_NO_PIC = NO;
				GCC_NO_COMMON_BLOCKS = YES;
				GCC_OPTIMIZATION_LEVEL = 0;
				GCC_PREPROCESSOR_DEFINITIONS = (
					"$(inherited)",
					"DEBUG=1",
				);
				GCC_WARN_64_TO_32_BIT_CONVERSION = YES;
				GCC_WARN_ABOUT_RETURN_TYPE = YES_ERROR;
				GCC_WARN_UNDECLARED_SELECTOR = YES;
				GCC_WARN_UNINITIALIZED_AUTOS = YES_AGGRESSIVE;
				GCC_WARN_UNUSED_FUNCTION = YES;
				GCC_WARN_UNUSED_VARIABLE = YES;
				IPHONEOS_DEPLOYMENT_TARGET = 26.0;
				MTL_ENABLE_DEBUG_INFO = INCLUDE_SOURCE;
				MTL_FAST_MATH = YES;
				ONLY_ACTIVE_ARCH = YES;
				PRODUCT_NAME = "$(TARGET_NAME)";
				SDKROOT = iphoneos;
				SWIFT_ACTIVE_COMPILATION_CONDITIONS = DEBUG;
				SWIFT_OPTIMIZATION_LEVEL = "-Onone";
				SWIFT_VERSION = 5.0;
			};
			name = Debug;
		};
		7282CD070499257C096174EB /* Release */ = {
			isa = XCBuildConfiguration;
			buildSettings = {
				ASSETCATALOG_COMPILER_APPICON_NAME = AppIcon;
				CODE_SIGN_IDENTITY = "iPhone Developer";
				CODE_SIGN_STYLE = Automatic;
				DEVELOPMENT_TEAM = P2GN9QW8E5;
				INFOPLIST_FILE = Info.plist;
				LD_RUNPATH_SEARCH_PATHS = (
					"$(inherited)",
					"@executable_path/Frameworks",
				);
				PRODUCT_BUNDLE_IDENTIFIER = com.momomo.HumanSenseDemo;
				SDKROOT = iphoneos;
				SWIFT_VERSION = 6.2;
				TARGETED_DEVICE_FAMILY = 1;
			};
			name = Release;
		};
		9645AB12A4752FF5D07BC7E2 /* Debug */ = {
			isa = XCBuildConfiguration;
			buildSettings = {
				ASSETCATALOG_COMPILER_APPICON_NAME = AppIcon;
				CODE_SIGN_IDENTITY = "iPhone Developer";
				CODE_SIGN_STYLE = Automatic;
				DEVELOPMENT_TEAM = P2GN9QW8E5;
				INFOPLIST_FILE = Info.plist;
				LD_RUNPATH_SEARCH_PATHS = (
					"$(inherited)",
					"@executable_path/Frameworks",
				);
				PRODUCT_BUNDLE_IDENTIFIER = com.momomo.HumanSenseDemo;
				SDKROOT = iphoneos;
				SWIFT_VERSION = 6.2;
				TARGETED_DEVICE_FAMILY = 1;
			};
			name = Debug;
		};
/* End XCBuildConfiguration section */

/* Begin XCConfigurationList section */
		70655DE2D48AAC5FD3444740 /* Build configuration list for PBXProject "HumanSenseDemo" */ = {
			isa = XCConfigurationList;
			buildConfigurations = (
				6FE0112E0D1453918668734D /* Debug */,
				464CAEDE62E5FB54F0BBC310 /* Release */,
			);
			defaultConfigurationIsVisible = 0;
			defaultConfigurationName = Debug;
		};
		EB5489668B828D555B1D1292 /* Build configuration list for PBXNativeTarget "HumanSenseDemo" */ = {
			isa = XCConfigurationList;
			buildConfigurations = (
				9645AB12A4752FF5D07BC7E2 /* Debug */,
				7282CD070499257C096174EB /* Release */,
			);
			defaultConfigurationIsVisible = 0;
			defaultConfigurationName = Debug;
		};
/* End XCConfigurationList section */

/* Begin XCRemoteSwiftPackageReference section */
		527B56CD100AC4DF941C648D /* XCRemoteSwiftPackageReference "HumanSenseKit" */ = {
			isa = XCRemoteSwiftPackageReference;
			repositoryURL = "https://github.com/momomo-agent/HumanSenseKit.git";
			requirement = {
				kind = upToNextMajorVersion;
				minimumVersion = 4.9.33;
			};
		};
/* End XCRemoteSwiftPackageReference section */

/* Begin XCSwiftPackageProductDependency section */
		6E6263EEB95F9E33FC15C8BA /* HumanSenseKit */ = {
			isa = XCSwiftPackageProductDependency;
			package = 527B56CD100AC4DF941C648D /* XCRemoteSwiftPackageReference "HumanSenseKit" */;
			productName = HumanSenseKit;
		};
/* End XCSwiftPackageProductDependency section */
	};
	rootObject = F6EE69D0838BCB2B5559DA8D /* Project object */;
}
